
Microsoft Visual Studio Solution File, Format Version 12.00
# Visual Studio Version 17
VisualStudioVersion = 17.14.36414.22 d17.14
MinimumVisualStudioVersion = 10.0.40219.1
Project("{FAE04EC0-301F-11D3-BF4B-00C04F79EFBC}") = "Combat", "Combat\Combat.csproj", "{9E1440BF-99AF-480C-8663-99937FF072DB}"
EndProject
Global
	GlobalSection(SolutionConfigurationPlatforms) = preSolution
		Debug|Any CPU = Debug|Any CPU
		Release|Any CPU = Release|Any CPU
	EndGlobalSection
	GlobalSection(ProjectConfigurationPlatforms) = postSolution
		{9E1440BF-99AF-480C-8663-99937FF072DB}.Debug|Any CPU.ActiveCfg = Debug|Any CPU
		{9E1440BF-99AF-480C-8663-99937FF072DB}.Debug|Any CPU.Build.0 = Debug|Any CPU
		{9E1440BF-99AF-480C-8663-99937FF072DB}.Release|Any CPU.ActiveCfg = Release|Any CPU
		{9E1440BF-99AF-480C-8663-99937FF072DB}.Release|Any CPU.Build.0 = Release|Any CPU
	EndGlobalSection
	GlobalSection(SolutionProperties) = preSolution
		HideSolutionNode = FALSE
	EndGlobalSection
	GlobalSection(ExtensibilityGlobals) = postSolution
		SolutionGuid = {9267E7DA-F555-44EF-B8A2-14C585938DCA}
	EndGlobalSection
EndGlobal
